// !$*UTF8*$!
{
	archiveVersion = 1;
	classes = {
	};
	objectVersion = 55;
	objects = {

/* Begin PBXBuildFile section */
		C4266D0128863AF300A6E100 /* ReadMeApp.swift in Sources */ = {isa = PBXBuildFile; fileRef = C4266D0028863AF300A6E100 /* ReadMeApp.swift */; };
		C4266D0328863AF300A6E100 /* ContentView.swift in Sources */ = {isa = PBXBuildFile; fileRef = C4266D0228863AF300A6E100 /* ContentView.swift */; };
		C4266D0528863AF400A6E100 /* Assets.xcassets in Resources */ = {isa = PBXBuildFile; fileRef = C4266D0428863AF400A6E100 /* Assets.xcassets */; };
		C4266D0828863AF400A6E100 /* Preview Assets.xcassets in Resources */ = {isa = PBXBuildFile; fileRef = C4266D0728863AF400A6E100 /* Preview Assets.xcassets */; };
		C4266D1228863AF400A6E100 /* ReadMeTests.swift in Sources */ = {isa = PBXBuildFile; fileRef = C4266D1128863AF400A6E100 /* ReadMeTests.swift */; };
		C4266D1C28863AF400A6E100 /* ReadMeUITests.swift in Sources */ = {isa = PBXBuildFile; fileRef = C4266D1B28863AF400A6E100 /* ReadMeUITests.swift */; };
		C4266D1E28863AF400A6E100 /* ReadMeUITestsLaunchTests.swift in Sources */ = {isa = PBXBuildFile; fileRef = C4266D1D28863AF400A6E100 /* ReadMeUITestsLaunchTests.swift */; };
		C4266D2B28863C3A00A6E100 /* Book.swift in Sources */ = {isa = PBXBuildFile; fileRef = C4266D2A28863C3A00A6E100 /* Book.swift */; };
		C4266D2E28863D2700A6E100 /* Book_views.swift in Sources */ = {isa = PBXBuildFile; fileRef = C4266D2D28863D2700A6E100 /* Book_views.swift */; };
		C4266D312886695800A6E100 /* Library.swift in Sources */ = {isa = PBXBuildFile; fileRef = C4266D302886695800A6E100 /* Library.swift */; };
		C4266D332886B96200A6E100 /* DetailView.swift in Sources */ = {isa = PBXBuildFile; fileRef = C4266D322886B96200A6E100 /* DetailView.swift */; };
		C4266D352886F94E00A6E100 /* PHPickerViewController.swift in Sources */ = {isa = PBXBuildFile; fileRef = C4266D342886F94E00A6E100 /* PHPickerViewController.swift */; };
		C4266D372888EACC00A6E100 /* NewBookView.swift in Sources */ = {isa = PBXBuildFile; fileRef = C4266D362888EACC00A6E100 /* NewBookView.swift */; };
		C47C3DFF2888F20A000AE942 /* ReviewAndImageStack.swift in Sources */ = {isa = PBXBuildFile; fileRef = C47C3DFE2888F20A000AE942 /* ReviewAndImageStack.swift */; };
/* End PBXBuildFile section */

/* Begin PBXContainerItemProxy section */
		C4266D0E28863AF400A6E100 /* PBXContainerItemProxy */ = {
			isa = PBXContainerItemProxy;
			containerPortal = C4266CF528863AF300A6E100 /* Project object */;
			proxyType = 1;
			remoteGlobalIDString = C4266CFC28863AF300A6E100;
			remoteInfo = ReadMe;
		};
		C4266D1828863AF400A6E100 /* PBXContainerItemProxy */ = {
			isa = PBXContainerItemProxy;
			containerPortal = C4266CF528863AF300A6E100 /* Project object */;
			proxyType = 1;
			remoteGlobalIDString = C4266CFC28863AF300A6E100;
			remoteInfo = ReadMe;
		};
/* End PBXContainerItemProxy section */

/* Begin PBXFileReference section */
		C4266CFD28863AF300A6E100 /* ReadMe.app */ = {isa = PBXFileReference; explicitFileType = wrapper.application; includeInIndex = 0; path = ReadMe.app; sourceTree = BUILT_PRODUCTS_DIR; };
		C4266D0028863AF300A6E100 /* ReadMeApp.swift */ = {isa = PBXFileReference; lastKnownFileType = sourcecode.swift; path = ReadMeApp.swift; sourceTree = "<group>"; };
		C4266D0228863AF300A6E100 /* ContentView.swift */ = {isa = PBXFileReference; lastKnownFileType = sourcecode.swift; path = ContentView.swift; sourceTree = "<group>"; };
		C4266D0428863AF400A6E100 /* Assets.xcassets */ = {isa = PBXFileReference; lastKnownFileType = folder.assetcatalog; path = Assets.xcassets; sourceTree = "<group>"; };
		C4266D0728863AF400A6E100 /* Preview Assets.xcassets */ = {isa = PBXFileReference; lastKnownFileType = folder.assetcatalog; path = "Preview Assets.xcassets"; sourceTree = "<group>"; };
		C4266D0D28863AF400A6E100 /* ReadMeTests.xctest */ = {isa = PBXFileReference; explicitFileType = wrapper.cfbundle; includeInIndex = 0; path = ReadMeTests.xctest; sourceTree = BUILT_PRODUCTS_DIR; };
		C4266D1128863AF400A6E100 /* ReadMeTests.swift */ = {isa = PBXFileReference; lastKnownFileType = sourcecode.swift; path = ReadMeTests.swift; sourceTree = "<group>"; };
		C4266D1728863AF400A6E100 /* ReadMeUITests.xctest */ = {isa = PBXFileReference; explicitFileType = wrapper.cfbundle; includeInIndex = 0; path = ReadMeUITests.xctest; sourceTree = BUILT_PRODUCTS_DIR; };
		C4266D1B28863AF400A6E100 /* ReadMeUITests.swift */ = {isa = PBXFileReference; lastKnownFileType = sourcecode.swift; path = ReadMeUITests.swift; sourceTree = "<group>"; };
		C4266D1D28863AF400A6E100 /* ReadMeUITestsLaunchTests.swift */ = {isa = PBXFileReference; lastKnownFileType = sourcecode.swift; path = ReadMeUITestsLaunchTests.swift; sourceTree = "<group>"; };
		C4266D2A28863C3A00A6E100 /* Book.swift */ = {isa = PBXFileReference; lastKnownFileType = sourcecode.swift; path = Book.swift; sourceTree = "<group>"; };
		C4266D2D28863D2700A6E100 /* Book_views.swift */ = {isa = PBXFileReference; lastKnownFileType = sourcecode.swift; path = Book_views.swift; sourceTree = "<group>"; };
		C4266D302886695800A6E100 /* Library.swift */ = {isa = PBXFileReference; lastKnownFileType = sourcecode.swift; path = Library.swift; sourceTree = "<group>"; };
		C4266D322886B96200A6E100 /* DetailView.swift */ = {isa = PBXFileReference; lastKnownFileType = sourcecode.swift; path = DetailView.swift; sourceTree = "<group>"; };
		C4266D342886F94E00A6E100 /* PHPickerViewController.swift */ = {isa = PBXFileReference; lastKnownFileType = sourcecode.swift; path = PHPickerViewController.swift; sourceTree = "<group>"; };
		C4266D362888EACC00A6E100 /* NewBookView.swift */ = {isa = PBXFileReference; lastKnownFileType = sourcecode.swift; path = NewBookView.swift; sourceTree = "<group>"; };
		C47C3DFE2888F20A000AE942 /* ReviewAndImageStack.swift */ = {isa = PBXFileReference; lastKnownFileType = sourcecode.swift; path = ReviewAndImageStack.swift; sourceTree = "<group>"; };
/* End PBXFileReference section */

/* Begin PBXFrameworksBuildPhase section */
		C4266CFA28863AF300A6E100 /* Frameworks */ = {
			isa = PBXFrameworksBuildPhase;
			buildActionMask = 2147483647;
			files = (
			);
			runOnlyForDeploymentPostprocessing = 0;
		};
		C4266D0A28863AF400A6E100 /* Frameworks */ = {
			isa = PBXFrameworksBuildPhase;
			buildActionMask = 2147483647;
			files = (
			);
			runOnlyForDeploymentPostprocessing = 0;
		};
		C4266D1428863AF400A6E100 /* Frameworks */ = {
			isa = PBXFrameworksBuildPhase;
			buildActionMask = 2147483647;
			files = (
			);
			runOnlyForDeploymentPostprocessing = 0;
		};
/* End PBXFrameworksBuildPhase section */

/* Begin PBXGroup section */
		C4266CF428863AF300A6E100 = {
			isa = PBXGroup;
			children = (
				C4266CFF28863AF300A6E100 /* ReadMe */,
				C4266D1028863AF400A6E100 /* ReadMeTests */,
				C4266D1A28863AF400A6E100 /* ReadMeUITests */,
				C4266CFE28863AF300A6E100 /* Products */,
			);
			sourceTree = "<group>";
		};
		C4266CFE28863AF300A6E100 /* Products */ = {
			isa = PBXGroup;
			children = (
				C4266CFD28863AF300A6E100 /* ReadMe.app */,
				C4266D0D28863AF400A6E100 /* ReadMeTests.xctest */,
				C4266D1728863AF400A6E100 /* ReadMeUITests.xctest */,
			);
			name = Products;
			sourceTree = "<group>";
		};
		C4266CFF28863AF300A6E100 /* ReadMe */ = {
			isa = PBXGroup;
			children = (
				C4266D2F288668D900A6E100 /* Models */,
				C4266D0028863AF300A6E100 /* ReadMeApp.swift */,
				C4266D2C28863CE600A6E100 /* View */,
				C4266D0428863AF400A6E100 /* Assets.xcassets */,
				C4266D0628863AF400A6E100 /* Preview Content */,
			);
			path = ReadMe;
			sourceTree = "<group>";
		};
		C4266D0628863AF400A6E100 /* Preview Content */ = {
			isa = PBXGroup;
			children = (
				C4266D0728863AF400A6E100 /* Preview Assets.xcassets */,
			);
			path = "Preview Content";
			sourceTree = "<group>";
		};
		C4266D1028863AF400A6E100 /* ReadMeTests */ = {
			isa = PBXGroup;
			children = (
				C4266D1128863AF400A6E100 /* ReadMeTests.swift */,
			);
			path = ReadMeTests;
			sourceTree = "<group>";
		};
		C4266D1A28863AF400A6E100 /* ReadMeUITests */ = {
			isa = PBXGroup;
			children = (
				C4266D1B28863AF400A6E100 /* ReadMeUITests.swift */,
				C4266D1D28863AF400A6E100 /* ReadMeUITestsLaunchTests.swift */,
			);
			path = ReadMeUITests;
			sourceTree = "<group>";
		};
		C4266D2C28863CE600A6E100 /* View */ = {
			isa = PBXGroup;
			children = (
				C4266D0228863AF300A6E100 /* ContentView.swift */,
				C4266D2D28863D2700A6E100 /* Book_views.swift */,
				C4266D322886B96200A6E100 /* DetailView.swift */,
				C4266D342886F94E00A6E100 /* PHPickerViewController.swift */,
				C4266D362888EACC00A6E100 /* NewBookView.swift */,
				C47C3DFE2888F20A000AE942 /* ReviewAndImageStack.swift */,
			);
			path = View;
			sourceTree = "<group>";
		};
		C4266D2F288668D900A6E100 /* Models */ = {
			isa = PBXGroup;
			children = (
				C4266D2A28863C3A00A6E100 /* Book.swift */,
				C4266D302886695800A6E100 /* Library.swift */,
			);
			path = Models;
			sourceTree = "<group>";
		};
/* End PBXGroup section */

/* Begin PBXNativeTarget section */
		C4266CFC28863AF300A6E100 /* ReadMe */ = {
			isa = PBXNativeTarget;
			buildConfigurationList = C4266D2128863AF400A6E100 /* Build configuration list for PBXNativeTarget "ReadMe" */;
			buildPhases = (
				C4266CF928863AF300A6E100 /* Sources */,
				C4266CFA28863AF300A6E100 /* Frameworks */,
				C4266CFB28863AF300A6E100 /* Resources */,
			);
			buildRules = (
			);
			dependencies = (
			);
			name = ReadMe;
			productName = ReadMe;
			productReference = C4266CFD28863AF300A6E100 /* ReadMe.app */;
			productType = "com.apple.product-type.application";
		};
		C4266D0C28863AF400A6E100 /* ReadMeTests */ = {
			isa = PBXNativeTarget;
			buildConfigurationList = C4266D2428863AF400A6E100 /* Build configuration list for PBXNativeTarget "ReadMeTests" */;
			buildPhases = (
				C4266D0928863AF400A6E100 /* Sources */,
				C4266D0A28863AF400A6E100 /* Frameworks */,
				C4266D0B28863AF400A6E100 /* Resources */,
			);
			buildRules = (
			);
			dependencies = (
				C4266D0F28863AF400A6E100 /* PBXTargetDependency */,
			);
			name = ReadMeTests;
			productName = ReadMeTests;
			productReference = C4266D0D28863AF400A6E100 /* ReadMeTests.xctest */;
			productType = "com.apple.product-type.bundle.unit-test";
		};
		C4266D1628863AF400A6E100 /* ReadMeUITests */ = {
			isa = PBXNativeTarget;
			buildConfigurationList = C4266D2728863AF400A6E100 /* Build configuration list for PBXNativeTarget "ReadMeUITests" */;
			buildPhases = (
				C4266D1328863AF400A6E100 /* Sources */,
				C4266D1428863AF400A6E100 /* Frameworks */,
				C4266D1528863AF400A6E100 /* Resources */,
			);
			buildRules = (
			);
			dependencies = (
				C4266D1928863AF400A6E100 /* PBXTargetDependency */,
			);
			name = ReadMeUITests;
			productName = ReadMeUITests;
			productReference = C4266D1728863AF400A6E100 /* ReadMeUITests.xctest */;
			productType = "com.apple.product-type.bundle.ui-testing";
		};
/* End PBXNativeTarget section */

/* Begin PBXProject section */
		C4266CF528863AF300A6E100 /* Project object */ = {
			isa = PBXProject;
			attributes = {
				BuildIndependentTargetsInParallel = 1;
				LastSwiftUpdateCheck = 1340;
				LastUpgradeCheck = 1340;
				TargetAttributes = {
					C4266CFC28863AF300A6E100 = {
						CreatedOnToolsVersion = 13.4.1;
					};
					C4266D0C28863AF400A6E100 = {
						CreatedOnToolsVersion = 13.4.1;
						TestTargetID = C4266CFC28863AF300A6E100;
					};
					C4266D1628863AF400A6E100 = {
						CreatedOnToolsVersion = 13.4.1;
						TestTargetID = C4266CFC28863AF300A6E100;
					};
				};
			};
			buildConfigurationList = C4266CF828863AF300A6E100 /* Build configuration list for PBXProject "ReadMe" */;
			compatibilityVersion = "Xcode 13.0";
			developmentRegion = en;
			hasScannedForEncodings = 0;
			knownRegions = (
				en,
				Base,
			);
			mainGroup = C4266CF428863AF300A6E100;
			productRefGroup = C4266CFE28863AF300A6E100 /* Products */;
			projectDirPath = "";
			projectRoot = "";
			targets = (
				C4266CFC28863AF300A6E100 /* ReadMe */,
				C4266D0C28863AF400A6E100 /* ReadMeTests */,
				C4266D1628863AF400A6E100 /* ReadMeUITests */,
			);
		};
/* End PBXProject section */

/* Begin PBXResourcesBuildPhase section */
		C4266CFB28863AF300A6E100 /* Resources */ = {
			isa = PBXResourcesBuildPhase;
			buildActionMask = 2147483647;
			files = (
				C4266D0828863AF400A6E100 /* Preview Assets.xcassets in Resources */,
				C4266D0528863AF400A6E100 /* Assets.xcassets in Resources */,
			);
			runOnlyForDeploymentPostprocessing = 0;
		};
		C4266D0B28863AF400A6E100 /* Resources */ = {
			isa = PBXResourcesBuildPhase;
			buildActionMask = 2147483647;
			files = (
			);
			runOnlyForDeploymentPostprocessing = 0;
		};
		C4266D1528863AF400A6E100 /* Resources */ = {
			isa = PBXResourcesBuildPhase;
			buildActionMask = 2147483647;
			files = (
			);
			runOnlyForDeploymentPostprocessing = 0;
		};
/* End PBXResourcesBuildPhase section */

/* Begin PBXSourcesBuildPhase section */
		C4266CF928863AF300A6E100 /* Sources */ = {
			isa = PBXSourcesBuildPhase;
			buildActionMask = 2147483647;
			files = (
				C4266D0328863AF300A6E100 /* ContentView.swift in Sources */,
				C4266D332886B96200A6E100 /* DetailView.swift in Sources */,
				C4266D0128863AF300A6E100 /* ReadMeApp.swift in Sources */,
				C4266D312886695800A6E100 /* Library.swift in Sources */,
				C4266D372888EACC00A6E100 /* NewBookView.swift in Sources */,
				C4266D2B28863C3A00A6E100 /* Book.swift in Sources */,
				C4266D352886F94E00A6E100 /* PHPickerViewController.swift in Sources */,
				C47C3DFF2888F20A000AE942 /* ReviewAndImageStack.swift in Sources */,
				C4266D2E28863D2700A6E100 /* Book_views.swift in Sources */,
			);
			runOnlyForDeploymentPostprocessing = 0;
		};
		C4266D0928863AF400A6E100 /* Sources */ = {
			isa = PBXSourcesBuildPhase;
			buildActionMask = 2147483647;
			files = (
				C4266D1228863AF400A6E100 /* ReadMeTests.swift in Sources */,
			);
			runOnlyForDeploymentPostprocessing = 0;
		};
		C4266D1328863AF400A6E100 /* Sources */ = {
			isa = PBXSourcesBuildPhase;
			buildActionMask = 2147483647;
			files = (
				C4266D1E28863AF400A6E100 /* ReadMeUITestsLaunchTests.swift in Sources */,
				C4266D1C28863AF400A6E100 /* ReadMeUITests.swift in Sources */,
			);
			runOnlyForDeploymentPostprocessing = 0;
		};
/* End PBXSourcesBuildPhase section */

/* Begin PBXTargetDependency section */
		C4266D0F28863AF400A6E100 /* PBXTargetDependency */ = {
			isa = PBXTargetDependency;
			target = C4266CFC28863AF300A6E100 /* ReadMe */;
			targetProxy = C4266D0E28863AF400A6E100 /* PBXContainerItemProxy */;
		};
		C4266D1928863AF400A6E100 /* PBXTargetDependency */ = {
			isa = PBXTargetDependency;
			target = C4266CFC28863AF300A6E100 /* ReadMe */;
			targetProxy = C4266D1828863AF400A6E100 /* PBXContainerItemProxy */;
		};
/* End PBXTargetDependency section */

/* Begin XCBuildConfiguration section */
		C4266D1F28863AF400A6E100 /* Debug */ = {
			isa = XCBuildConfiguration;
			buildSettings = {
				ALWAYS_SEARCH_USER_PATHS = NO;
				CLANG_ANALYZER_NONNULL = YES;
				CLANG_ANALYZER_NUMBER_OBJECT_CONVERSION = YES_AGGRESSIVE;
				CLANG_CXX_LANGUAGE_STANDARD = "gnu++17";
				CLANG_ENABLE_MODULES = YES;
				CLANG_ENABLE_OBJC_ARC = YES;
				CLANG_ENABLE_OBJC_WEAK = YES;
				CLANG_WARN_BLOCK_CAPTURE_AUTORELEASING = YES;
				CLANG_WARN_BOOL_CONVERSION = YES;
				CLANG_WARN_COMMA = YES;
				CLANG_WARN_CONSTANT_CONVERSION = YES;
				CLANG_WARN_DEPRECATED_OBJC_IMPLEMENTATIONS = YES;
				CLANG_WARN_DIRECT_OBJC_ISA_USAGE = YES_ERROR;
				CLANG_WARN_DOCUMENTATION_COMMENTS = YES;
				CLANG_WARN_EMPTY_BODY = YES;
				CLANG_WARN_ENUM_CONVERSION = YES;
				CLANG_WARN_INFINITE_RECURSION = YES;
				CLANG_WARN_INT_CONVERSION = YES;
				CLANG_WARN_NON_LITERAL_NULL_CONVERSION = YES;
				CLANG_WARN_OBJC_IMPLICIT_RETAIN_SELF = YES;
				CLANG_WARN_OBJC_LITERAL_CONVERSION = YES;
				CLANG_WARN_OBJC_ROOT_CLASS = YES_ERROR;
				CLANG_WARN_QUOTED_INCLUDE_IN_FRAMEWORK_HEADER = YES;
				CLANG_WARN_RANGE_LOOP_ANALYSIS = YES;
				CLANG_WARN_STRICT_PROTOTYPES = YES;
				CLANG_WARN_SUSPICIOUS_MOVE = YES;
				CLANG_WARN_UNGUARDED_AVAILABILITY = YES_AGGRESSIVE;
				CLANG_WARN_UNREACHABLE_CODE = YES;
				CLANG_WARN__DUPLICATE_METHOD_MATCH = YES;
				COPY_PHASE_STRIP = NO;
				DEBUG_INFORMATION_FORMAT = dwarf;
				ENABLE_STRICT_OBJC_MSGSEND = YES;
				ENABLE_TESTABILITY = YES;
				GCC_C_LANGUAGE_STANDARD = gnu11;
				GCC_DYNAMIC_NO_PIC = NO;
				GCC_NO_COMMON_BLOCKS = YES;
				GCC_OPTIMIZATION_LEVEL = 0;
				GCC_PREPROCESSOR_DEFINITIONS = (
					"DEBUG=1",
					"$(inherited)",
				);
				GCC_WARN_64_TO_32_BIT_CONVERSION = YES;
				GCC_WARN_ABOUT_RETURN_TYPE = YES_ERROR;
				GCC_WARN_UNDECLARED_SELECTOR = YES;
				GCC_WARN_UNINITIALIZED_AUTOS = YES_AGGRESSIVE;
				GCC_WARN_UNUSED_FUNCTION = YES;
				GCC_WARN_UNUSED_VARIABLE = YES;
				IPHONEOS_DEPLOYMENT_TARGET = 15.5;
				MTL_ENABLE_DEBUG_INFO = INCLUDE_SOURCE;
				MTL_FAST_MATH = YES;
				ONLY_ACTIVE_ARCH = YES;
				SDKROOT = iphoneos;
				SWIFT_ACTIVE_COMPILATION_CONDITIONS = DEBUG;
				SWIFT_OPTIMIZATION_LEVEL = "-Onone";
			};
			name = Debug;
		};
		C4266D2028863AF400A6E100 /* Release */ = {
			isa = XCBuildConfiguration;
			buildSettings = {
				ALWAYS_SEARCH_USER_PATHS = NO;
				CLANG_ANALYZER_NONNULL = YES;
				CLANG_ANALYZER_NUMBER_OBJECT_CONVERSION = YES_AGGRESSIVE;
				CLANG_CXX_LANGUAGE_STANDARD = "gnu++17";
				CLANG_ENABLE_MODULES = YES;
				CLANG_ENABLE_OBJC_ARC = YES;
				CLANG_ENABLE_OBJC_WEAK = YES;
				CLANG_WARN_BLOCK_CAPTURE_AUTORELEASING = YES;
				CLANG_WARN_BOOL_CONVERSION = YES;
				CLANG_WARN_COMMA = YES;
				CLANG_WARN_CONSTANT_CONVERSION = YES;
				CLANG_WARN_DEPRECATED_OBJC_IMPLEMENTATIONS = YES;
				CLANG_WARN_DIRECT_OBJC_ISA_USAGE = YES_ERROR;
				CLANG_WARN_DOCUMENTATION_COMMENTS = YES;
				CLANG_WARN_EMPTY_BODY = YES;
				CLANG_WARN_ENUM_CONVERSION = YES;
				CLANG_WARN_INFINITE_RECURSION = YES;
				CLANG_WARN_INT_CONVERSION = YES;
				CLANG_WARN_NON_LITERAL_NULL_CONVERSION = YES;
				CLANG_WARN_OBJC_IMPLICIT_RETAIN_SELF = YES;
				CLANG_WARN_OBJC_LITERAL_CONVERSION = YES;
				CLANG_WARN_OBJC_ROOT_CLASS = YES_ERROR;
				CLANG_WARN_QUOTED_INCLUDE_IN_FRAMEWORK_HEADER = YES;
				CLANG_WARN_RANGE_LOOP_ANALYSIS = YES;
				CLANG_WARN_STRICT_PROTOTYPES = YES;
				CLANG_WARN_SUSPICIOUS_MOVE = YES;
				CLANG_WARN_UNGUARDED_AVAILABILITY = YES_AGGRESSIVE;
				CLANG_WARN_UNREACHABLE_CODE = YES;
				CLANG_WARN__DUPLICATE_METHOD_MATCH = YES;
				COPY_PHASE_STRIP = NO;
				DEBUG_INFORMATION_FORMAT = "dwarf-with-dsym";
				ENABLE_NS_ASSERTIONS = NO;
				ENABLE_STRICT_OBJC_MSGSEND = YES;
				GCC_C_LANGUAGE_STANDARD = gnu11;
				GCC_NO_COMMON_BLOCKS = YES;
				GCC_WARN_64_TO_32_BIT_CONVERSION = YES;
				GCC_WARN_ABOUT_RETURN_TYPE = YES_ERROR;
				GCC_WARN_UNDECLARED_SELECTOR = YES;
				GCC_WARN_UNINITIALIZED_AUTOS = YES_AGGRESSIVE;
				GCC_WARN_UNUSED_FUNCTION = YES;
				GCC_WARN_UNUSED_VARIABLE = YES;
				IPHONEOS_DEPLOYMENT_TARGET = 15.5;
				MTL_ENABLE_DEBUG_INFO = NO;
				MTL_FAST_MATH = YES;
				SDKROOT = iphoneos;
				SWIFT_COMPILATION_MODE = wholemodule;
				SWIFT_OPTIMIZATION_LEVEL = "-O";
				VALIDATE_PRODUCT = YES;
			};
			name = Release;
		};
		C4266D2228863AF400A6E100 /* Debug */ = {
			isa = XCBuildConfiguration;
			buildSettings = {
				ASSETCATALOG_COMPILER_APPICON_NAME = AppIcon;
				ASSETCATALOG_COMPILER_GLOBAL_ACCENT_COLOR_NAME = AccentColor;
				CODE_SIGN_STYLE = Automatic;
				CURRENT_PROJECT_VERSION = 1;
				DEVELOPMENT_ASSET_PATHS = "\"ReadMe/Preview Content\"";
				DEVELOPMENT_TEAM = JZBZF2LXM3;
				ENABLE_PREVIEWS = YES;
				GENERATE_INFOPLIST_FILE = YES;
				INFOPLIST_KEY_UIApplicationSceneManifest_Generation = YES;
				INFOPLIST_KEY_UIApplicationSupportsIndirectInputEvents = YES;
				INFOPLIST_KEY_UILaunchScreen_Generation = YES;
				INFOPLIST_KEY_UISupportedInterfaceOrientations_iPad = "UIInterfaceOrientationPortrait UIInterfaceOrientationPortraitUpsideDown UIInterfaceOrientationLandscapeLeft UIInterfaceOrientationLandscapeRight";
				INFOPLIST_KEY_UISupportedInterfaceOrientations_iPhone = "UIInterfaceOrientationPortrait UIInterfaceOrientationLandscapeLeft UIInterfaceOrientationLandscapeRight";
				LD_RUNPATH_SEARCH_PATHS = (
					"$(inherited)",
					"@executable_path/Frameworks",
				);
				MARKETING_VERSION = 1.0;
				PRODUCT_BUNDLE_IDENTIFIER = Huy.ReadMe;
				PRODUCT_NAME = "$(TARGET_NAME)";
				SWIFT_EMIT_LOC_STRINGS = YES;
				SWIFT_VERSION = 5.0;
				TARGETED_DEVICE_FAMILY = "1,2";
			};
			name = Debug;
		};
		C4266D2328863AF400A6E100 /* Release */ = {
			isa = XCBuildConfiguration;
			buildSettings = {
				ASSETCATALOG_COMPILER_APPICON_NAME = AppIcon;
				ASSETCATALOG_COMPILER_GLOBAL_ACCENT_COLOR_NAME = AccentColor;
				CODE_SIGN_STYLE = Automatic;
				CURRENT_PROJECT_VERSION = 1;
				DEVELOPMENT_ASSET_PATHS = "\"ReadMe/Preview Content\"";
				DEVELOPMENT_TEAM = JZBZF2LXM3;
				ENABLE_PREVIEWS = YES;
				GENERATE_INFOPLIST_FILE = YES;
				INFOPLIST_KEY_UIApplicationSceneManifest_Generation = YES;
				INFOPLIST_KEY_UIApplicationSupportsIndirectInputEvents = YES;
				INFOPLIST_KEY_UILaunchScreen_Generation = YES;
				INFOPLIST_KEY_UISupportedInterfaceOrientations_iPad = "UIInterfaceOrientationPortrait UIInterfaceOrientationPortraitUpsideDown UIInterfaceOrientationLandscapeLeft UIInterfaceOrientationLandscapeRight";
				INFOPLIST_KEY_UISupportedInterfaceOrientations_iPhone = "UIInterfaceOrientationPortrait UIInterfaceOrientationLandscapeLeft UIInterfaceOrientationLandscapeRight";
				LD_RUNPATH_SEARCH_PATHS = (
					"$(inherited)",
					"@executable_path/Frameworks",
				);
				MARKETING_VERSION = 1.0;
				PRODUCT_BUNDLE_IDENTIFIER = Huy.ReadMe;
				PRODUCT_NAME = "$(TARGET_NAME)";
				SWIFT_EMIT_LOC_STRINGS = YES;
				SWIFT_VERSION = 5.0;
				TARGETED_DEVICE_FAMILY = "1,2";
			};
			name = Release;
		};
		C4266D2528863AF400A6E100 /* Debug */ = {
			isa = XCBuildConfiguration;
			buildSettings = {
				ALWAYS_EMBED_SWIFT_STANDARD_LIBRARIES = YES;
				BUNDLE_LOADER = "$(TEST_HOST)";
				CODE_SIGN_STYLE = Automatic;
				CURRENT_PROJECT_VERSION = 1;
				DEVELOPMENT_TEAM = JZBZF2LXM3;
				GENERATE_INFOPLIST_FILE = YES;
				IPHONEOS_DEPLOYMENT_TARGET = 15.5;
				MARKETING_VERSION = 1.0;
				PRODUCT_BUNDLE_IDENTIFIER = Huy.ReadMeTests;
				PRODUCT_NAME = "$(TARGET_NAME)";
				SWIFT_EMIT_LOC_STRINGS = NO;
				SWIFT_VERSION = 5.0;
				TARGETED_DEVICE_FAMILY = "1,2";
				TEST_HOST = "$(BUILT_PRODUCTS_DIR)/ReadMe.app/ReadMe";
			};
			name = Debug;
		};
		C4266D2628863AF400A6E100 /* Release */ = {
			isa = XCBuildConfiguration;
			buildSettings = {
				ALWAYS_EMBED_SWIFT_STANDARD_LIBRARIES = YES;
				BUNDLE_LOADER = "$(TEST_HOST)";
				CODE_SIGN_STYLE = Automatic;
				CURRENT_PROJECT_VERSION = 1;
				DEVELOPMENT_TEAM = JZBZF2LXM3;
				GENERATE_INFOPLIST_FILE = YES;
				IPHONEOS_DEPLOYMENT_TARGET = 15.5;
				MARKETING_VERSION = 1.0;
				PRODUCT_BUNDLE_IDENTIFIER = Huy.ReadMeTests;
				PRODUCT_NAME = "$(TARGET_NAME)";
				SWIFT_EMIT_LOC_STRINGS = NO;
				SWIFT_VERSION = 5.0;
				TARGETED_DEVICE_FAMILY = "1,2";
				TEST_HOST = "$(BUILT_PRODUCTS_DIR)/ReadMe.app/ReadMe";
			};
			name = Release;
		};
		C4266D2828863AF400A6E100 /* Debug */ = {
			isa = XCBuildConfiguration;
			buildSettings = {
				ALWAYS_EMBED_SWIFT_STANDARD_LIBRARIES = YES;
				CODE_SIGN_STYLE = Automatic;
				CURRENT_PROJECT_VERSION = 1;
				DEVELOPMENT_TEAM = JZBZF2LXM3;
				GENERATE_INFOPLIST_FILE = YES;
				MARKETING_VERSION = 1.0;
				PRODUCT_BUNDLE_IDENTIFIER = Huy.ReadMeUITests;
				PRODUCT_NAME = "$(TARGET_NAME)";
				SWIFT_EMIT_LOC_STRINGS = NO;
				SWIFT_VERSION = 5.0;
				TARGETED_DEVICE_FAMILY = "1,2";
				TEST_TARGET_NAME = ReadMe;
			};
			name = Debug;
		};
		C4266D2928863AF400A6E100 /* Release */ = {
			isa = XCBuildConfiguration;
			buildSettings = {
				ALWAYS_EMBED_SWIFT_STANDARD_LIBRARIES = YES;
				CODE_SIGN_STYLE = Automatic;
				CURRENT_PROJECT_VERSION = 1;
				DEVELOPMENT_TEAM = JZBZF2LXM3;
				GENERATE_INFOPLIST_FILE = YES;
				MARKETING_VERSION = 1.0;
				PRODUCT_BUNDLE_IDENTIFIER = Huy.ReadMeUITests;
				PRODUCT_NAME = "$(TARGET_NAME)";
				SWIFT_EMIT_LOC_STRINGS = NO;
				SWIFT_VERSION = 5.0;
				TARGETED_DEVICE_FAMILY = "1,2";
				TEST_TARGET_NAME = ReadMe;
			};
			name = Release;
		};
/* End XCBuildConfiguration section */

/* Begin XCConfigurationList section */
		C4266CF828863AF300A6E100 /* Build configuration list for PBXProject "ReadMe" */ = {
			isa = XCConfigurationList;
			buildConfigurations = (
				C4266D1F28863AF400A6E100 /* Debug */,
				C4266D2028863AF400A6E100 /* Release */,
			);
			defaultConfigurationIsVisible = 0;
			defaultConfigurationName = Release;
		};
		C4266D2128863AF400A6E100 /* Build configuration list for PBXNativeTarget "ReadMe" */ = {
			isa = XCConfigurationList;
			buildConfigurations = (
				C4266D2228863AF400A6E100 /* Debug */,
				C4266D2328863AF400A6E100 /* Release */,
			);
			defaultConfigurationIsVisible = 0;
			defaultConfigurationName = Release;
		};
		C4266D2428863AF400A6E100 /* Build configuration list for PBXNativeTarget "ReadMeTests" */ = {
			isa = XCConfigurationList;
			buildConfigurations = (
				C4266D2528863AF400A6E100 /* Debug */,
				C4266D2628863AF400A6E100 /* Release */,
			);
			defaultConfigurationIsVisible = 0;
			defaultConfigurationName = Release;
		};
		C4266D2728863AF400A6E100 /* Build configuration list for PBXNativeTarget "ReadMeUITests" */ = {
			isa = XCConfigurationList;
			buildConfigurations = (
				C4266D2828863AF400A6E100 /* Debug */,
				C4266D2928863AF400A6E100 /* Release */,
			);
			defaultConfigurationIsVisible = 0;
			defaultConfigurationName = Release;
		};
/* End XCConfigurationList section */
	};
	rootObject = C4266CF528863AF300A6E100 /* Project object */;
}
